
Microsoft Visual Studio Solution File, Format Version 12.00
# Visual Studio Version 17
VisualStudioVersion = 17.8.34408.163
MinimumVisualStudioVersion = 10.0.40219.1
Project("{9A19103F-16F7-4668-BE54-9A1E7A4F7556}") = "Day_1", "Day_1\Day_1.csproj", "{2F30FB2D-1221-49D5-A136-785856DD5DB4}"
EndProject
Project("{9A19103F-16F7-4668-BE54-9A1E7A4F7556}") = "Day_2", "Day_2\Day_2.csproj", "{2086C22A-D793-453D-BD95-F9A8578659B0}"
EndProject
Project("{9A19103F-16F7-4668-BE54-9A1E7A4F7556}") = "Day_2_OOP", "Day_2_OOP\Day_2_OOP.csproj", "{A17C5CAB-9C30-4AF0-8654-2BFE0B33FBEE}"
EndProject
Project("{9A19103F-16F7-4668-BE54-9A1E7A4F7556}") = "Day_3", "Day_3\Day_3.csproj", "{07FDF2C6-D849-4E17-8B8A-38477CBEAA3B}"
EndProject
Project("{FAE04EC0-301F-11D3-BF4B-00C04F79EFBC}") = "Day_3_Static", "Day_3_Static\Day_3_Static.csproj", "{E15E2A4E-D34A-43DB-9831-AF6112978E41}"
EndProject
Project("{FAE04EC0-301F-11D3-BF4B-00C04F79EFBC}") = "Day_3_Inheritance", "Day_3_Inheritance\Day_3_Inheritance.csproj", "{5C1F62F7-7F86-49C0-B63A-0FDBDB93A2CF}"
EndProject
Project("{FAE04EC0-301F-11D3-BF4B-00C04F79EFBC}") = "Day_3_Collections", "Day_3_Collections\Day_3_Collections.csproj", "{3EDBA01C-78AD-4DED-973A-3BD0CF58920E}"
EndProject
Global
	GlobalSection(SolutionConfigurationPlatforms) = preSolution
		Debug|Any CPU = Debug|Any CPU
		Release|Any CPU = Release|Any CPU
	EndGlobalSection
	GlobalSection(ProjectConfigurationPlatforms) = postSolution
		{2F30FB2D-1221-49D5-A136-785856DD5DB4}.Debug|Any CPU.ActiveCfg = Debug|Any CPU
		{2F30FB2D-1221-49D5-A136-785856DD5DB4}.Debug|Any CPU.Build.0 = Debug|Any CPU
		{2F30FB2D-1221-49D5-A136-785856DD5DB4}.Release|Any CPU.ActiveCfg = Release|Any CPU
		{2F30FB2D-1221-49D5-A136-785856DD5DB4}.Release|Any CPU.Build.0 = Release|Any CPU
		{2086C22A-D793-453D-BD95-F9A8578659B0}.Debug|Any CPU.ActiveCfg = Debug|Any CPU
		{2086C22A-D793-453D-BD95-F9A8578659B0}.Debug|Any CPU.Build.0 = Debug|Any CPU
		{2086C22A-D793-453D-BD95-F9A8578659B0}.Release|Any CPU.ActiveCfg = Release|Any CPU
		{2086C22A-D793-453D-BD95-F9A8578659B0}.Release|Any CPU.Build.0 = Release|Any CPU
		{A17C5CAB-9C30-4AF0-8654-2BFE0B33FBEE}.Debug|Any CPU.ActiveCfg = Debug|Any CPU
		{A17C5CAB-9C30-4AF0-8654-2BFE0B33FBEE}.Debug|Any CPU.Build.0 = Debug|Any CPU
		{A17C5CAB-9C30-4AF0-8654-2BFE0B33FBEE}.Release|Any CPU.ActiveCfg = Release|Any CPU
		{A17C5CAB-9C30-4AF0-8654-2BFE0B33FBEE}.Release|Any CPU.Build.0 = Release|Any CPU
		{07FDF2C6-D849-4E17-8B8A-38477CBEAA3B}.Debug|Any CPU.ActiveCfg = Debug|Any CPU
		{07FDF2C6-D849-4E17-8B8A-38477CBEAA3B}.Debug|Any CPU.Build.0 = Debug|Any CPU
		{07FDF2C6-D849-4E17-8B8A-38477CBEAA3B}.Release|Any CPU.ActiveCfg = Release|Any CPU
		{07FDF2C6-D849-4E17-8B8A-38477CBEAA3B}.Release|Any CPU.Build.0 = Release|Any CPU
		{E15E2A4E-D34A-43DB-9831-AF6112978E41}.Debug|Any CPU.ActiveCfg = Debug|Any CPU
		{E15E2A4E-D34A-43DB-9831-AF6112978E41}.Debug|Any CPU.Build.0 = Debug|Any CPU
		{E15E2A4E-D34A-43DB-9831-AF6112978E41}.Release|Any CPU.ActiveCfg = Release|Any CPU
		{E15E2A4E-D34A-43DB-9831-AF6112978E41}.Release|Any CPU.Build.0 = Release|Any CPU
		{5C1F62F7-7F86-49C0-B63A-0FDBDB93A2CF}.Debug|Any CPU.ActiveCfg = Debug|Any CPU
		{5C1F62F7-7F86-49C0-B63A-0FDBDB93A2CF}.Debug|Any CPU.Build.0 = Debug|Any CPU
		{5C1F62F7-7F86-49C0-B63A-0FDBDB93A2CF}.Release|Any CPU.ActiveCfg = Release|Any CPU
		{5C1F62F7-7F86-49C0-B63A-0FDBDB93A2CF}.Release|Any CPU.Build.0 = Release|Any CPU
		{3EDBA01C-78AD-4DED-973A-3BD0CF58920E}.Debug|Any CPU.ActiveCfg = Debug|Any CPU
		{3EDBA01C-78AD-4DED-973A-3BD0CF58920E}.Debug|Any CPU.Build.0 = Debug|Any CPU
		{3EDBA01C-78AD-4DED-973A-3BD0CF58920E}.Release|Any CPU.ActiveCfg = Release|Any CPU
		{3EDBA01C-78AD-4DED-973A-3BD0CF58920E}.Release|Any CPU.Build.0 = Release|Any CPU
	EndGlobalSection
	GlobalSection(SolutionProperties) = preSolution
		HideSolutionNode = FALSE
	EndGlobalSection
	GlobalSection(ExtensibilityGlobals) = postSolution
		SolutionGuid = {20AA043A-F0B8-4A3F-9E22-FF44512A638D}
	EndGlobalSection
EndGlobal
